
Microsoft Visual Studio Solution File, Format Version 12.00
# Visual Studio Version 17
VisualStudioVersion = 17.11.35312.102
MinimumVisualStudioVersion = 10.0.40219.1
Project("{FAE04EC0-301F-11D3-BF4B-00C04F79EFBC}") = "Recursividade", "Recursividade\Recursividade.csproj", "{1C14DB0F-8035-4CB1-B80C-5FE7156ADD26}"
EndProject
Global
	GlobalSection(SolutionConfigurationPlatforms) = preSolution
		Debug|Any CPU = Debug|Any CPU
		Release|Any CPU = Release|Any CPU
	EndGlobalSection
	GlobalSection(ProjectConfigurationPlatforms) = postSolution
		{1C14DB0F-8035-4CB1-B80C-5FE7156ADD26}.Debug|Any CPU.ActiveCfg = Debug|Any CPU
		{1C14DB0F-8035-4CB1-B80C-5FE7156ADD26}.Debug|Any CPU.Build.0 = Debug|Any CPU
		{1C14DB0F-8035-4CB1-B80C-5FE7156ADD26}.Release|Any CPU.ActiveCfg = Release|Any CPU
		{1C14DB0F-8035-4CB1-B80C-5FE7156ADD26}.Release|Any CPU.Build.0 = Release|Any CPU
	EndGlobalSection
	GlobalSection(SolutionProperties) = preSolution
		HideSolutionNode = FALSE
	EndGlobalSection
	GlobalSection(ExtensibilityGlobals) = postSolution
		SolutionGuid = {EF88DC9A-CA76-4D0A-963D-65813C330508}
	EndGlobalSection
EndGlobal
